
Microsoft Visual Studio Solution File, Format Version 12.00
# Visual Studio 14
VisualStudioVersion = 14.0.25420.1
MinimumVisualStudioVersion = 10.0.40219.1
Project("{FAE04EC0-301F-11D3-BF4B-00C04F79EFBC}") = "XamarinPortableProject", "XamarinPortableProject\XamarinPortableProject\XamarinPortableProject.csproj", "{C3FA8585-4178-4E9B-A5DF-F003A18EEEA0}"
EndProject
Project("{FAE04EC0-301F-11D3-BF4B-00C04F79EFBC}") = "XamarinPortableProject.Droid", "XamarinPortableProject\XamarinPortableProject.Droid\XamarinPortableProject.Droid.csproj", "{93E9FA70-7AD6-47DD-98ED-196201F63270}"
EndProject
Project("{FAE04EC0-301F-11D3-BF4B-00C04F79EFBC}") = "XamarinPortableProject.iOS", "XamarinPortableProject\XamarinPortableProject.iOS\XamarinPortableProject.iOS.csproj", "{7C0F7755-AD0A-4084-92F9-79963612C38D}"
EndProject
Project("{FAE04EC0-301F-11D3-BF4B-00C04F79EFBC}") = "XamarinPortableProject.WinPhone", "XamarinPortableProject\XamarinPortableProject.WinPhone\XamarinPortableProject.WinPhone.csproj", "{8CEE3235-C103-4DB0-85BB-9EDFB4704859}"
EndProject
Project("{FAE04EC0-301F-11D3-BF4B-00C04F79EFBC}") = "XamarinPortableProject.Windows", "XamarinPortableProject\XamarinPortableProject.Windows\XamarinPortableProject.Windows.csproj", "{C1E2E7D4-D8FD-4245-B845-23371C05353C}"
EndProject
Global
	GlobalSection(SolutionConfigurationPlatforms) = preSolution
		Ad-Hoc|Any CPU = Ad-Hoc|Any CPU
		Ad-Hoc|ARM = Ad-Hoc|ARM
		Ad-Hoc|iPhone = Ad-Hoc|iPhone
		Ad-Hoc|iPhoneSimulator = Ad-Hoc|iPhoneSimulator
		Ad-Hoc|x64 = Ad-Hoc|x64
		Ad-Hoc|x86 = Ad-Hoc|x86
		AppStore|Any CPU = AppStore|Any CPU
		AppStore|ARM = AppStore|ARM
		AppStore|iPhone = AppStore|iPhone
		AppStore|iPhoneSimulator = AppStore|iPhoneSimulator
		AppStore|x64 = AppStore|x64
		AppStore|x86 = AppStore|x86
		Debug|Any CPU = Debug|Any CPU
		Debug|ARM = Debug|ARM
		Debug|iPhone = Debug|iPhone
		Debug|iPhoneSimulator = Debug|iPhoneSimulator
		Debug|x64 = Debug|x64
		Debug|x86 = Debug|x86
		Release|Any CPU = Release|Any CPU
		Release|ARM = Release|ARM
		Release|iPhone = Release|iPhone
		Release|iPhoneSimulator = Release|iPhoneSimulator
		Release|x64 = Release|x64
		Release|x86 = Release|x86
	EndGlobalSection
	GlobalSection(ProjectConfigurationPlatforms) = postSolution
		{C3FA8585-4178-4E9B-A5DF-F003A18EEEA0}.Ad-Hoc|Any CPU.ActiveCfg = Release|Any CPU
		{C3FA8585-4178-4E9B-A5DF-F003A18EEEA0}.Ad-Hoc|Any CPU.Build.0 = Release|Any CPU
		{C3FA8585-4178-4E9B-A5DF-F003A18EEEA0}.Ad-Hoc|ARM.ActiveCfg = Release|Any CPU
		{C3FA8585-4178-4E9B-A5DF-F003A18EEEA0}.Ad-Hoc|ARM.Build.0 = Release|Any CPU
		{C3FA8585-4178-4E9B-A5DF-F003A18EEEA0}.Ad-Hoc|iPhone.ActiveCfg = Release|Any CPU
		{C3FA8585-4178-4E9B-A5DF-F003A18EEEA0}.Ad-Hoc|iPhone.Build.0 = Release|Any CPU
		{C3FA8585-4178-4E9B-A5DF-F003A18EEEA0}.Ad-Hoc|iPhoneSimulator.ActiveCfg = Release|Any CPU
		{C3FA8585-4178-4E9B-A5DF-F003A18EEEA0}.Ad-Hoc|iPhoneSimulator.Build.0 = Release|Any CPU
		{C3FA8585-4178-4E9B-A5DF-F003A18EEEA0}.Ad-Hoc|x64.ActiveCfg = Release|Any CPU
		{C3FA8585-4178-4E9B-A5DF-F003A18EEEA0}.Ad-Hoc|x64.Build.0 = Release|Any CPU
		{C3FA8585-4178-4E9B-A5DF-F003A18EEEA0}.Ad-Hoc|x86.ActiveCfg = Release|Any CPU
		{C3FA8585-4178-4E9B-A5DF-F003A18EEEA0}.Ad-Hoc|x86.Build.0 = Release|Any CPU
		{C3FA8585-4178-4E9B-A5DF-F003A18EEEA0}.AppStore|Any CPU.ActiveCfg = Release|Any CPU
		{C3FA8585-4178-4E9B-A5DF-F003A18EEEA0}.AppStore|Any CPU.Build.0 = Release|Any CPU
		{C3FA8585-4178-4E9B-A5DF-F003A18EEEA0}.AppStore|ARM.ActiveCfg = Release|Any CPU
		{C3FA8585-4178-4E9B-A5DF-F003A18EEEA0}.AppStore|ARM.Build.0 = Release|Any CPU
		{C3FA8585-4178-4E9B-A5DF-F003A18EEEA0}.AppStore|iPhone.ActiveCfg = Release|Any CPU
		{C3FA8585-4178-4E9B-A5DF-F003A18EEEA0}.AppStore|iPhone.Build.0 = Release|Any CPU
		{C3FA8585-4178-4E9B-A5DF-F003A18EEEA0}.AppStore|iPhoneSimulator.ActiveCfg = Release|Any CPU
		{C3FA8585-4178-4E9B-A5DF-F003A18EEEA0}.AppStore|iPhoneSimulator.Build.0 = Release|Any CPU
		{C3FA8585-4178-4E9B-A5DF-F003A18EEEA0}.AppStore|x64.ActiveCfg = Release|Any CPU
		{C3FA8585-4178-4E9B-A5DF-F003A18EEEA0}.AppStore|x64.Build.0 = Release|Any CPU
		{C3FA8585-4178-4E9B-A5DF-F003A18EEEA0}.AppStore|x86.ActiveCfg = Release|Any CPU
		{C3FA8585-4178-4E9B-A5DF-F003A18EEEA0}.AppStore|x86.Build.0 = Release|Any CPU
		{C3FA8585-4178-4E9B-A5DF-F003A18EEEA0}.Debug|Any CPU.ActiveCfg = Debug|Any CPU
		{C3FA8585-4178-4E9B-A5DF-F003A18EEEA0}.Debug|Any CPU.Build.0 = Debug|Any CPU
		{C3FA8585-4178-4E9B-A5DF-F003A18EEEA0}.Debug|ARM.ActiveCfg = Debug|Any CPU
		{C3FA8585-4178-4E9B-A5DF-F003A18EEEA0}.Debug|ARM.Build.0 = Debug|Any CPU
		{C3FA8585-4178-4E9B-A5DF-F003A18EEEA0}.Debug|iPhone.ActiveCfg = Debug|Any CPU
		{C3FA8585-4178-4E9B-A5DF-F003A18EEEA0}.Debug|iPhone.Build.0 = Debug|Any CPU
		{C3FA8585-4178-4E9B-A5DF-F003A18EEEA0}.Debug|iPhoneSimulator.ActiveCfg = Debug|Any CPU
		{C3FA8585-4178-4E9B-A5DF-F003A18EEEA0}.Debug|iPhoneSimulator.Build.0 = Debug|Any CPU
		{C3FA8585-4178-4E9B-A5DF-F003A18EEEA0}.Debug|x64.ActiveCfg = Debug|Any CPU
		{C3FA8585-4178-4E9B-A5DF-F003A18EEEA0}.Debug|x64.Build.0 = Debug|Any CPU
		{C3FA8585-4178-4E9B-A5DF-F003A18EEEA0}.Debug|x86.ActiveCfg = Debug|Any CPU
		{C3FA8585-4178-4E9B-A5DF-F003A18EEEA0}.Debug|x86.Build.0 = Debug|Any CPU
		{C3FA8585-4178-4E9B-A5DF-F003A18EEEA0}.Release|Any CPU.ActiveCfg = Release|Any CPU
		{C3FA8585-4178-4E9B-A5DF-F003A18EEEA0}.Release|Any CPU.Build.0 = Release|Any CPU
		{C3FA8585-4178-4E9B-A5DF-F003A18EEEA0}.Release|ARM.ActiveCfg = Release|Any CPU
		{C3FA8585-4178-4E9B-A5DF-F003A18EEEA0}.Release|ARM.Build.0 = Release|Any CPU
		{C3FA8585-4178-4E9B-A5DF-F003A18EEEA0}.Release|iPhone.ActiveCfg = Release|Any CPU
		{C3FA8585-4178-4E9B-A5DF-F003A18EEEA0}.Release|iPhone.Build.0 = Release|Any CPU
		{C3FA8585-4178-4E9B-A5DF-F003A18EEEA0}.Release|iPhoneSimulator.ActiveCfg = Release|Any CPU
		{C3FA8585-4178-4E9B-A5DF-F003A18EEEA0}.Release|iPhoneSimulator.Build.0 = Release|Any CPU
		{C3FA8585-4178-4E9B-A5DF-F003A18EEEA0}.Release|x64.ActiveCfg = Release|Any CPU
		{C3FA8585-4178-4E9B-A5DF-F003A18EEEA0}.Release|x64.Build.0 = Release|Any CPU
		{C3FA8585-4178-4E9B-A5DF-F003A18EEEA0}.Release|x86.ActiveCfg = Release|Any CPU
		{C3FA8585-4178-4E9B-A5DF-F003A18EEEA0}.Release|x86.Build.0 = Release|Any CPU
		{93E9FA70-7AD6-47DD-98ED-196201F63270}.Ad-Hoc|Any CPU.ActiveCfg = Release|Any CPU
		{93E9FA70-7AD6-47DD-98ED-196201F63270}.Ad-Hoc|Any CPU.Build.0 = Release|Any CPU
		{93E9FA70-7AD6-47DD-98ED-196201F63270}.Ad-Hoc|Any CPU.Deploy.0 = Release|Any CPU
		{93E9FA70-7AD6-47DD-98ED-196201F63270}.Ad-Hoc|ARM.ActiveCfg = Release|Any CPU
		{93E9FA70-7AD6-47DD-98ED-196201F63270}.Ad-Hoc|ARM.Build.0 = Release|Any CPU
		{93E9FA70-7AD6-47DD-98ED-196201F63270}.Ad-Hoc|ARM.Deploy.0 = Release|Any CPU
		{93E9FA70-7AD6-47DD-98ED-196201F63270}.Ad-Hoc|iPhone.ActiveCfg = Release|Any CPU
		{93E9FA70-7AD6-47DD-98ED-196201F63270}.Ad-Hoc|iPhone.Build.0 = Release|Any CPU
		{93E9FA70-7AD6-47DD-98ED-196201F63270}.Ad-Hoc|iPhone.Deploy.0 = Release|Any CPU
		{93E9FA70-7AD6-47DD-98ED-196201F63270}.Ad-Hoc|iPhoneSimulator.ActiveCfg = Release|Any CPU
		{93E9FA70-7AD6-47DD-98ED-196201F63270}.Ad-Hoc|iPhoneSimulator.Build.0 = Release|Any CPU
		{93E9FA70-7AD6-47DD-98ED-196201F63270}.Ad-Hoc|iPhoneSimulator.Deploy.0 = Release|Any CPU
		{93E9FA70-7AD6-47DD-98ED-196201F63270}.Ad-Hoc|x64.ActiveCfg = Release|Any CPU
		{93E9FA70-7AD6-47DD-98ED-196201F63270}.Ad-Hoc|x64.Build.0 = Release|Any CPU
		{93E9FA70-7AD6-47DD-98ED-196201F63270}.Ad-Hoc|x64.Deploy.0 = Release|Any CPU
		{93E9FA70-7AD6-47DD-98ED-196201F63270}.Ad-Hoc|x86.ActiveCfg = Release|Any CPU
		{93E9FA70-7AD6-47DD-98ED-196201F63270}.Ad-Hoc|x86.Build.0 = Release|Any CPU
		{93E9FA70-7AD6-47DD-98ED-196201F63270}.Ad-Hoc|x86.Deploy.0 = Release|Any CPU
		{93E9FA70-7AD6-47DD-98ED-196201F63270}.AppStore|Any CPU.ActiveCfg = Release|Any CPU
		{93E9FA70-7AD6-47DD-98ED-196201F63270}.AppStore|Any CPU.Build.0 = Release|Any CPU
		{93E9FA70-7AD6-47DD-98ED-196201F63270}.AppStore|Any CPU.Deploy.0 = Release|Any CPU
		{93E9FA70-7AD6-47DD-98ED-196201F63270}.AppStore|ARM.ActiveCfg = Release|Any CPU
		{93E9FA70-7AD6-47DD-98ED-196201F63270}.AppStore|ARM.Build.0 = Release|Any CPU
		{93E9FA70-7AD6-47DD-98ED-196201F63270}.AppStore|ARM.Deploy.0 = Release|Any CPU
		{93E9FA70-7AD6-47DD-98ED-196201F63270}.AppStore|iPhone.ActiveCfg = Release|Any CPU
		{93E9FA70-7AD6-47DD-98ED-196201F63270}.AppStore|iPhone.Build.0 = Release|Any CPU
		{93E9FA70-7AD6-47DD-98ED-196201F63270}.AppStore|iPhone.Deploy.0 = Release|Any CPU
		{93E9FA70-7AD6-47DD-98ED-196201F63270}.AppStore|iPhoneSimulator.ActiveCfg = Release|Any CPU
		{93E9FA70-7AD6-47DD-98ED-196201F63270}.AppStore|iPhoneSimulator.Build.0 = Release|Any CPU
		{93E9FA70-7AD6-47DD-98ED-196201F63270}.AppStore|iPhoneSimulator.Deploy.0 = Release|Any CPU
		{93E9FA70-7AD6-47DD-98ED-196201F63270}.AppStore|x64.ActiveCfg = Release|Any CPU
		{93E9FA70-7AD6-47DD-98ED-196201F63270}.AppStore|x64.Build.0 = Release|Any CPU
		{93E9FA70-7AD6-47DD-98ED-196201F63270}.AppStore|x64.Deploy.0 = Release|Any CPU
		{93E9FA70-7AD6-47DD-98ED-196201F63270}.AppStore|x86.ActiveCfg = Release|Any CPU
		{93E9FA70-7AD6-47DD-98ED-196201F63270}.AppStore|x86.Build.0 = Release|Any CPU
		{93E9FA70-7AD6-47DD-98ED-196201F63270}.AppStore|x86.Deploy.0 = Release|Any CPU
		{93E9FA70-7AD6-47DD-98ED-196201F63270}.Debug|Any CPU.ActiveCfg = Debug|Any CPU
		{93E9FA70-7AD6-47DD-98ED-196201F63270}.Debug|Any CPU.Build.0 = Debug|Any CPU
		{93E9FA70-7AD6-47DD-98ED-196201F63270}.Debug|Any CPU.Deploy.0 = Debug|Any CPU
		{93E9FA70-7AD6-47DD-98ED-196201F63270}.Debug|ARM.ActiveCfg = Debug|Any CPU
		{93E9FA70-7AD6-47DD-98ED-196201F63270}.Debug|ARM.Build.0 = Debug|Any CPU
		{93E9FA70-7AD6-47DD-98ED-196201F63270}.Debug|ARM.Deploy.0 = Debug|Any CPU
		{93E9FA70-7AD6-47DD-98ED-196201F63270}.Debug|iPhone.ActiveCfg = Debug|Any CPU
		{93E9FA70-7AD6-47DD-98ED-196201F63270}.Debug|iPhone.Build.0 = Debug|Any CPU
		{93E9FA70-7AD6-47DD-98ED-196201F63270}.Debug|iPhone.Deploy.0 = Debug|Any CPU
		{93E9FA70-7AD6-47DD-98ED-196201F63270}.Debug|iPhoneSimulator.ActiveCfg = Debug|Any CPU
		{93E9FA70-7AD6-47DD-98ED-196201F63270}.Debug|iPhoneSimulator.Build.0 = Debug|Any CPU
		{93E9FA70-7AD6-47DD-98ED-196201F63270}.Debug|iPhoneSimulator.Deploy.0 = Debug|Any CPU
		{93E9FA70-7AD6-47DD-98ED-196201F63270}.Debug|x64.ActiveCfg = Debug|Any CPU
		{93E9FA70-7AD6-47DD-98ED-196201F63270}.Debug|x64.Build.0 = Debug|Any CPU
		{93E9FA70-7AD6-47DD-98ED-196201F63270}.Debug|x64.Deploy.0 = Debug|Any CPU
		{93E9FA70-7AD6-47DD-98ED-196201F63270}.Debug|x86.ActiveCfg = Debug|Any CPU
		{93E9FA70-7AD6-47DD-98ED-196201F63270}.Debug|x86.Build.0 = Debug|Any CPU
		{93E9FA70-7AD6-47DD-98ED-196201F63270}.Debug|x86.Deploy.0 = Debug|Any CPU
		{93E9FA70-7AD6-47DD-98ED-196201F63270}.Release|Any CPU.ActiveCfg = Release|Any CPU
		{93E9FA70-7AD6-47DD-98ED-196201F63270}.Release|Any CPU.Build.0 = Release|Any CPU
		{93E9FA70-7AD6-47DD-98ED-196201F63270}.Release|Any CPU.Deploy.0 = Release|Any CPU
		{93E9FA70-7AD6-47DD-98ED-196201F63270}.Release|ARM.ActiveCfg = Release|Any CPU
		{93E9FA70-7AD6-47DD-98ED-196201F63270}.Release|ARM.Build.0 = Release|Any CPU
		{93E9FA70-7AD6-47DD-98ED-196201F63270}.Release|ARM.Deploy.0 = Release|Any CPU
		{93E9FA70-7AD6-47DD-98ED-196201F63270}.Release|iPhone.ActiveCfg = Release|Any CPU
		{93E9FA70-7AD6-47DD-98ED-196201F63270}.Release|iPhone.Build.0 = Release|Any CPU
		{93E9FA70-7AD6-47DD-98ED-196201F63270}.Release|iPhone.Deploy.0 = Release|Any CPU
		{93E9FA70-7AD6-47DD-98ED-196201F63270}.Release|iPhoneSimulator.ActiveCfg = Release|Any CPU
		{93E9FA70-7AD6-47DD-98ED-196201F63270}.Release|iPhoneSimulator.Build.0 = Release|Any CPU
		{93E9FA70-7AD6-47DD-98ED-196201F63270}.Release|iPhoneSimulator.Deploy.0 = Release|Any CPU
		{93E9FA70-7AD6-47DD-98ED-196201F63270}.Release|x64.ActiveCfg = Release|Any CPU
		{93E9FA70-7AD6-47DD-98ED-196201F63270}.Release|x64.Build.0 = Release|Any CPU
		{93E9FA70-7AD6-47DD-98ED-196201F63270}.Release|x64.Deploy.0 = Release|Any CPU
		{93E9FA70-7AD6-47DD-98ED-196201F63270}.Release|x86.ActiveCfg = Release|Any CPU
		{93E9FA70-7AD6-47DD-98ED-196201F63270}.Release|x86.Build.0 = Release|Any CPU
		{93E9FA70-7AD6-47DD-98ED-196201F63270}.Release|x86.Deploy.0 = Release|Any CPU
		{7C0F7755-AD0A-4084-92F9-79963612C38D}.Ad-Hoc|Any CPU.ActiveCfg = Ad-Hoc|iPhone
		{7C0F7755-AD0A-4084-92F9-79963612C38D}.Ad-Hoc|ARM.ActiveCfg = Ad-Hoc|iPhone
		{7C0F7755-AD0A-4084-92F9-79963612C38D}.Ad-Hoc|iPhone.ActiveCfg = Ad-Hoc|iPhone
		{7C0F7755-AD0A-4084-92F9-79963612C38D}.Ad-Hoc|iPhone.Build.0 = Ad-Hoc|iPhone
		{7C0F7755-AD0A-4084-92F9-79963612C38D}.Ad-Hoc|iPhoneSimulator.ActiveCfg = Ad-Hoc|iPhoneSimulator
		{7C0F7755-AD0A-4084-92F9-79963612C38D}.Ad-Hoc|iPhoneSimulator.Build.0 = Ad-Hoc|iPhoneSimulator
		{7C0F7755-AD0A-4084-92F9-79963612C38D}.Ad-Hoc|x64.ActiveCfg = Ad-Hoc|iPhone
		{7C0F7755-AD0A-4084-92F9-79963612C38D}.Ad-Hoc|x86.ActiveCfg = Ad-Hoc|iPhone
		{7C0F7755-AD0A-4084-92F9-79963612C38D}.AppStore|Any CPU.ActiveCfg = AppStore|iPhone
		{7C0F7755-AD0A-4084-92F9-79963612C38D}.AppStore|ARM.ActiveCfg = AppStore|iPhone
		{7C0F7755-AD0A-4084-92F9-79963612C38D}.AppStore|iPhone.ActiveCfg = AppStore|iPhone
		{7C0F7755-AD0A-4084-92F9-79963612C38D}.AppStore|iPhone.Build.0 = AppStore|iPhone
		{7C0F7755-AD0A-4084-92F9-79963612C38D}.AppStore|iPhoneSimulator.ActiveCfg = AppStore|iPhoneSimulator
		{7C0F7755-AD0A-4084-92F9-79963612C38D}.AppStore|iPhoneSimulator.Build.0 = AppStore|iPhoneSimulator
		{7C0F7755-AD0A-4084-92F9-79963612C38D}.AppStore|x64.ActiveCfg = AppStore|iPhone
		{7C0F7755-AD0A-4084-92F9-79963612C38D}.AppStore|x86.ActiveCfg = AppStore|iPhone
		{7C0F7755-AD0A-4084-92F9-79963612C38D}.Debug|Any CPU.ActiveCfg = Debug|iPhone
		{7C0F7755-AD0A-4084-92F9-79963612C38D}.Debug|ARM.ActiveCfg = Debug|iPhone
		{7C0F7755-AD0A-4084-92F9-79963612C38D}.Debug|iPhone.ActiveCfg = Debug|iPhone
		{7C0F7755-AD0A-4084-92F9-79963612C38D}.Debug|iPhone.Build.0 = Debug|iPhone
		{7C0F7755-AD0A-4084-92F9-79963612C38D}.Debug|iPhoneSimulator.ActiveCfg = Debug|iPhoneSimulator
		{7C0F7755-AD0A-4084-92F9-79963612C38D}.Debug|iPhoneSimulator.Build.0 = Debug|iPhoneSimulator
		{7C0F7755-AD0A-4084-92F9-79963612C38D}.Debug|x64.ActiveCfg = Debug|iPhone
		{7C0F7755-AD0A-4084-92F9-79963612C38D}.Debug|x86.ActiveCfg = Debug|iPhone
		{7C0F7755-AD0A-4084-92F9-79963612C38D}.Release|Any CPU.ActiveCfg = Release|iPhone
		{7C0F7755-AD0A-4084-92F9-79963612C38D}.Release|ARM.ActiveCfg = Release|iPhone
		{7C0F7755-AD0A-4084-92F9-79963612C38D}.Release|iPhone.ActiveCfg = Release|iPhone
		{7C0F7755-AD0A-4084-92F9-79963612C38D}.Release|iPhone.Build.0 = Release|iPhone
		{7C0F7755-AD0A-4084-92F9-79963612C38D}.Release|iPhoneSimulator.ActiveCfg = Release|iPhoneSimulator
		{7C0F7755-AD0A-4084-92F9-79963612C38D}.Release|iPhoneSimulator.Build.0 = Release|iPhoneSimulator
		{7C0F7755-AD0A-4084-92F9-79963612C38D}.Release|x64.ActiveCfg = Release|iPhone
		{7C0F7755-AD0A-4084-92F9-79963612C38D}.Release|x86.ActiveCfg = Release|iPhone
		{8CEE3235-C103-4DB0-85BB-9EDFB4704859}.Ad-Hoc|Any CPU.ActiveCfg = Release|Any CPU
		{8CEE3235-C103-4DB0-85BB-9EDFB4704859}.Ad-Hoc|Any CPU.Build.0 = Release|Any CPU
		{8CEE3235-C103-4DB0-85BB-9EDFB4704859}.Ad-Hoc|Any CPU.Deploy.0 = Release|Any CPU
		{8CEE3235-C103-4DB0-85BB-9EDFB4704859}.Ad-Hoc|ARM.ActiveCfg = Release|ARM
		{8CEE3235-C103-4DB0-85BB-9EDFB4704859}.Ad-Hoc|ARM.Build.0 = Release|ARM
		{8CEE3235-C103-4DB0-85BB-9EDFB4704859}.Ad-Hoc|ARM.Deploy.0 = Release|ARM
		{8CEE3235-C103-4DB0-85BB-9EDFB4704859}.Ad-Hoc|iPhone.ActiveCfg = Release|Any CPU
		{8CEE3235-C103-4DB0-85BB-9EDFB4704859}.Ad-Hoc|iPhone.Build.0 = Release|Any CPU
		{8CEE3235-C103-4DB0-85BB-9EDFB4704859}.Ad-Hoc|iPhone.Deploy.0 = Release|Any CPU
		{8CEE3235-C103-4DB0-85BB-9EDFB4704859}.Ad-Hoc|iPhoneSimulator.ActiveCfg = Release|Any CPU
		{8CEE3235-C103-4DB0-85BB-9EDFB4704859}.Ad-Hoc|iPhoneSimulator.Build.0 = Release|Any CPU
		{8CEE3235-C103-4DB0-85BB-9EDFB4704859}.Ad-Hoc|iPhoneSimulator.Deploy.0 = Release|Any CPU
		{8CEE3235-C103-4DB0-85BB-9EDFB4704859}.Ad-Hoc|x64.ActiveCfg = Release|Any CPU
		{8CEE3235-C103-4DB0-85BB-9EDFB4704859}.Ad-Hoc|x64.Build.0 = Release|Any CPU
		{8CEE3235-C103-4DB0-85BB-9EDFB4704859}.Ad-Hoc|x64.Deploy.0 = Release|Any CPU
		{8CEE3235-C103-4DB0-85BB-9EDFB4704859}.Ad-Hoc|x86.ActiveCfg = Release|x86
		{8CEE3235-C103-4DB0-85BB-9EDFB4704859}.Ad-Hoc|x86.Build.0 = Release|x86
		{8CEE3235-C103-4DB0-85BB-9EDFB4704859}.Ad-Hoc|x86.Deploy.0 = Release|x86
		{8CEE3235-C103-4DB0-85BB-9EDFB4704859}.AppStore|Any CPU.ActiveCfg = Release|Any CPU
		{8CEE3235-C103-4DB0-85BB-9EDFB4704859}.AppStore|Any CPU.Build.0 = Release|Any CPU
		{8CEE3235-C103-4DB0-85BB-9EDFB4704859}.AppStore|Any CPU.Deploy.0 = Release|Any CPU
		{8CEE3235-C103-4DB0-85BB-9EDFB4704859}.AppStore|ARM.ActiveCfg = Release|ARM
		{8CEE3235-C103-4DB0-85BB-9EDFB4704859}.AppStore|ARM.Build.0 = Release|ARM
		{8CEE3235-C103-4DB0-85BB-9EDFB4704859}.AppStore|ARM.Deploy.0 = Release|ARM
		{8CEE3235-C103-4DB0-85BB-9EDFB4704859}.AppStore|iPhone.ActiveCfg = Release|Any CPU
		{8CEE3235-C103-4DB0-85BB-9EDFB4704859}.AppStore|iPhone.Build.0 = Release|Any CPU
		{8CEE3235-C103-4DB0-85BB-9EDFB4704859}.AppStore|iPhone.Deploy.0 = Release|Any CPU
		{8CEE3235-C103-4DB0-85BB-9EDFB4704859}.AppStore|iPhoneSimulator.ActiveCfg = Release|Any CPU
		{8CEE3235-C103-4DB0-85BB-9EDFB4704859}.AppStore|iPhoneSimulator.Build.0 = Release|Any CPU
		{8CEE3235-C103-4DB0-85BB-9EDFB4704859}.AppStore|iPhoneSimulator.Deploy.0 = Release|Any CPU
		{8CEE3235-C103-4DB0-85BB-9EDFB4704859}.AppStore|x64.ActiveCfg = Release|Any CPU
		{8CEE3235-C103-4DB0-85BB-9EDFB4704859}.AppStore|x64.Build.0 = Release|Any CPU
		{8CEE3235-C103-4DB0-85BB-9EDFB4704859}.AppStore|x64.Deploy.0 = Release|Any CPU
		{8CEE3235-C103-4DB0-85BB-9EDFB4704859}.AppStore|x86.ActiveCfg = Release|x86
		{8CEE3235-C103-4DB0-85BB-9EDFB4704859}.AppStore|x86.Build.0 = Release|x86
		{8CEE3235-C103-4DB0-85BB-9EDFB4704859}.AppStore|x86.Deploy.0 = Release|x86
		{8CEE3235-C103-4DB0-85BB-9EDFB4704859}.Debug|Any CPU.ActiveCfg = Debug|Any CPU
		{8CEE3235-C103-4DB0-85BB-9EDFB4704859}.Debug|Any CPU.Build.0 = Debug|Any CPU
		{8CEE3235-C103-4DB0-85BB-9EDFB4704859}.Debug|Any CPU.Deploy.0 = Debug|Any CPU
		{8CEE3235-C103-4DB0-85BB-9EDFB4704859}.Debug|ARM.ActiveCfg = Debug|ARM
		{8CEE3235-C103-4DB0-85BB-9EDFB4704859}.Debug|ARM.Build.0 = Debug|ARM
		{8CEE3235-C103-4DB0-85BB-9EDFB4704859}.Debug|ARM.Deploy.0 = Debug|ARM
		{8CEE3235-C103-4DB0-85BB-9EDFB4704859}.Debug|iPhone.ActiveCfg = Debug|Any CPU
		{8CEE3235-C103-4DB0-85BB-9EDFB4704859}.Debug|iPhone.Build.0 = Debug|Any CPU
		{8CEE3235-C103-4DB0-85BB-9EDFB4704859}.Debug|iPhone.Deploy.0 = Debug|Any CPU
		{8CEE3235-C103-4DB0-85BB-9EDFB4704859}.Debug|iPhoneSimulator.ActiveCfg = Debug|Any CPU
		{8CEE3235-C103-4DB0-85BB-9EDFB4704859}.Debug|iPhoneSimulator.Build.0 = Debug|Any CPU
		{8CEE3235-C103-4DB0-85BB-9EDFB4704859}.Debug|iPhoneSimulator.Deploy.0 = Debug|Any CPU
		{8CEE3235-C103-4DB0-85BB-9EDFB4704859}.Debug|x64.ActiveCfg = Debug|Any CPU
		{8CEE3235-C103-4DB0-85BB-9EDFB4704859}.Debug|x64.Build.0 = Debug|Any CPU
		{8CEE3235-C103-4DB0-85BB-9EDFB4704859}.Debug|x64.Deploy.0 = Debug|Any CPU
		{8CEE3235-C103-4DB0-85BB-9EDFB4704859}.Debug|x86.ActiveCfg = Debug|x86
		{8CEE3235-C103-4DB0-85BB-9EDFB4704859}.Debug|x86.Build.0 = Debug|x86
		{8CEE3235-C103-4DB0-85BB-9EDFB4704859}.Debug|x86.Deploy.0 = Debug|x86
		{8CEE3235-C103-4DB0-85BB-9EDFB4704859}.Release|Any CPU.ActiveCfg = Release|Any CPU
		{8CEE3235-C103-4DB0-85BB-9EDFB4704859}.Release|Any CPU.Build.0 = Release|Any CPU
		{8CEE3235-C103-4DB0-85BB-9EDFB4704859}.Release|Any CPU.Deploy.0 = Release|Any CPU
		{8CEE3235-C103-4DB0-85BB-9EDFB4704859}.Release|ARM.ActiveCfg = Release|ARM
		{8CEE3235-C103-4DB0-85BB-9EDFB4704859}.Release|ARM.Build.0 = Release|ARM
		{8CEE3235-C103-4DB0-85BB-9EDFB4704859}.Release|ARM.Deploy.0 = Release|ARM
		{8CEE3235-C103-4DB0-85BB-9EDFB4704859}.Release|iPhone.ActiveCfg = Release|Any CPU
		{8CEE3235-C103-4DB0-85BB-9EDFB4704859}.Release|iPhone.Build.0 = Release|Any CPU
		{8CEE3235-C103-4DB0-85BB-9EDFB4704859}.Release|iPhone.Deploy.0 = Release|Any CPU
		{8CEE3235-C103-4DB0-85BB-9EDFB4704859}.Release|iPhoneSimulator.ActiveCfg = Release|Any CPU
		{8CEE3235-C103-4DB0-85BB-9EDFB4704859}.Release|iPhoneSimulator.Build.0 = Release|Any CPU
		{8CEE3235-C103-4DB0-85BB-9EDFB4704859}.Release|iPhoneSimulator.Deploy.0 = Release|Any CPU
		{8CEE3235-C103-4DB0-85BB-9EDFB4704859}.Release|x64.ActiveCfg = Release|Any CPU
		{8CEE3235-C103-4DB0-85BB-9EDFB4704859}.Release|x64.Build.0 = Release|Any CPU
		{8CEE3235-C103-4DB0-85BB-9EDFB4704859}.Release|x64.Deploy.0 = Release|Any CPU
		{8CEE3235-C103-4DB0-85BB-9EDFB4704859}.Release|x86.ActiveCfg = Release|x86
		{8CEE3235-C103-4DB0-85BB-9EDFB4704859}.Release|x86.Build.0 = Release|x86
		{8CEE3235-C103-4DB0-85BB-9EDFB4704859}.Release|x86.Deploy.0 = Release|x86
		{C1E2E7D4-D8FD-4245-B845-23371C05353C}.Ad-Hoc|Any CPU.ActiveCfg = Release|Any CPU
		{C1E2E7D4-D8FD-4245-B845-23371C05353C}.Ad-Hoc|Any CPU.Build.0 = Release|Any CPU
		{C1E2E7D4-D8FD-4245-B845-23371C05353C}.Ad-Hoc|Any CPU.Deploy.0 = Release|Any CPU
		{C1E2E7D4-D8FD-4245-B845-23371C05353C}.Ad-Hoc|ARM.ActiveCfg = Release|ARM
		{C1E2E7D4-D8FD-4245-B845-23371C05353C}.Ad-Hoc|ARM.Build.0 = Release|ARM
		{C1E2E7D4-D8FD-4245-B845-23371C05353C}.Ad-Hoc|ARM.Deploy.0 = Release|ARM
		{C1E2E7D4-D8FD-4245-B845-23371C05353C}.Ad-Hoc|iPhone.ActiveCfg = Release|Any CPU
		{C1E2E7D4-D8FD-4245-B845-23371C05353C}.Ad-Hoc|iPhone.Build.0 = Release|Any CPU
		{C1E2E7D4-D8FD-4245-B845-23371C05353C}.Ad-Hoc|iPhone.Deploy.0 = Release|Any CPU
		{C1E2E7D4-D8FD-4245-B845-23371C05353C}.Ad-Hoc|iPhoneSimulator.ActiveCfg = Release|Any CPU
		{C1E2E7D4-D8FD-4245-B845-23371C05353C}.Ad-Hoc|iPhoneSimulator.Build.0 = Release|Any CPU
		{C1E2E7D4-D8FD-4245-B845-23371C05353C}.Ad-Hoc|iPhoneSimulator.Deploy.0 = Release|Any CPU
		{C1E2E7D4-D8FD-4245-B845-23371C05353C}.Ad-Hoc|x64.ActiveCfg = Release|x64
		{C1E2E7D4-D8FD-4245-B845-23371C05353C}.Ad-Hoc|x64.Build.0 = Release|x64
		{C1E2E7D4-D8FD-4245-B845-23371C05353C}.Ad-Hoc|x64.Deploy.0 = Release|x64
		{C1E2E7D4-D8FD-4245-B845-23371C05353C}.Ad-Hoc|x86.ActiveCfg = Release|x86
		{C1E2E7D4-D8FD-4245-B845-23371C05353C}.Ad-Hoc|x86.Build.0 = Release|x86
		{C1E2E7D4-D8FD-4245-B845-23371C05353C}.Ad-Hoc|x86.Deploy.0 = Release|x86
		{C1E2E7D4-D8FD-4245-B845-23371C05353C}.AppStore|Any CPU.ActiveCfg = Release|Any CPU
		{C1E2E7D4-D8FD-4245-B845-23371C05353C}.AppStore|Any CPU.Build.0 = Release|Any CPU
		{C1E2E7D4-D8FD-4245-B845-23371C05353C}.AppStore|Any CPU.Deploy.0 = Release|Any CPU
		{C1E2E7D4-D8FD-4245-B845-23371C05353C}.AppStore|ARM.ActiveCfg = Release|ARM
		{C1E2E7D4-D8FD-4245-B845-23371C05353C}.AppStore|ARM.Build.0 = Release|ARM
		{C1E2E7D4-D8FD-4245-B845-23371C05353C}.AppStore|ARM.Deploy.0 = Release|ARM
		{C1E2E7D4-D8FD-4245-B845-23371C05353C}.AppStore|iPhone.ActiveCfg = Release|Any CPU
		{C1E2E7D4-D8FD-4245-B845-23371C05353C}.AppStore|iPhone.Build.0 = Release|Any CPU
		{C1E2E7D4-D8FD-4245-B845-23371C05353C}.AppStore|iPhone.Deploy.0 = Release|Any CPU
		{C1E2E7D4-D8FD-4245-B845-23371C05353C}.AppStore|iPhoneSimulator.ActiveCfg = Release|Any CPU
		{C1E2E7D4-D8FD-4245-B845-23371C05353C}.AppStore|iPhoneSimulator.Build.0 = Release|Any CPU
		{C1E2E7D4-D8FD-4245-B845-23371C05353C}.AppStore|iPhoneSimulator.Deploy.0 = Release|Any CPU
		{C1E2E7D4-D8FD-4245-B845-23371C05353C}.AppStore|x64.ActiveCfg = Release|x64
		{C1E2E7D4-D8FD-4245-B845-23371C05353C}.AppStore|x64.Build.0 = Release|x64
		{C1E2E7D4-D8FD-4245-B845-23371C05353C}.AppStore|x64.Deploy.0 = Release|x64
		{C1E2E7D4-D8FD-4245-B845-23371C05353C}.AppStore|x86.ActiveCfg = Release|x86
		{C1E2E7D4-D8FD-4245-B845-23371C05353C}.AppStore|x86.Build.0 = Release|x86
		{C1E2E7D4-D8FD-4245-B845-23371C05353C}.AppStore|x86.Deploy.0 = Release|x86
		{C1E2E7D4-D8FD-4245-B845-23371C05353C}.Debug|Any CPU.ActiveCfg = Debug|Any CPU
		{C1E2E7D4-D8FD-4245-B845-23371C05353C}.Debug|Any CPU.Build.0 = Debug|Any CPU
		{C1E2E7D4-D8FD-4245-B845-23371C05353C}.Debug|Any CPU.Deploy.0 = Debug|Any CPU
		{C1E2E7D4-D8FD-4245-B845-23371C05353C}.Debug|ARM.ActiveCfg = Debug|ARM
		{C1E2E7D4-D8FD-4245-B845-23371C05353C}.Debug|ARM.Build.0 = Debug|ARM
		{C1E2E7D4-D8FD-4245-B845-23371C05353C}.Debug|ARM.Deploy.0 = Debug|ARM
		{C1E2E7D4-D8FD-4245-B845-23371C05353C}.Debug|iPhone.ActiveCfg = Debug|Any CPU
		{C1E2E7D4-D8FD-4245-B845-23371C05353C}.Debug|iPhone.Build.0 = Debug|Any CPU
		{C1E2E7D4-D8FD-4245-B845-23371C05353C}.Debug|iPhone.Deploy.0 = Debug|Any CPU
		{C1E2E7D4-D8FD-4245-B845-23371C05353C}.Debug|iPhoneSimulator.ActiveCfg = Debug|Any CPU
		{C1E2E7D4-D8FD-4245-B845-23371C05353C}.Debug|iPhoneSimulator.Build.0 = Debug|Any CPU
		{C1E2E7D4-D8FD-4245-B845-23371C05353C}.Debug|iPhoneSimulator.Deploy.0 = Debug|Any CPU
		{C1E2E7D4-D8FD-4245-B845-23371C05353C}.Debug|x64.ActiveCfg = Debug|x64
		{C1E2E7D4-D8FD-4245-B845-23371C05353C}.Debug|x64.Build.0 = Debug|x64
		{C1E2E7D4-D8FD-4245-B845-23371C05353C}.Debug|x64.Deploy.0 = Debug|x64
		{C1E2E7D4-D8FD-4245-B845-23371C05353C}.Debug|x86.ActiveCfg = Debug|x86
		{C1E2E7D4-D8FD-4245-B845-23371C05353C}.Debug|x86.Build.0 = Debug|x86
		{C1E2E7D4-D8FD-4245-B845-23371C05353C}.Debug|x86.Deploy.0 = Debug|x86
		{C1E2E7D4-D8FD-4245-B845-23371C05353C}.Release|Any CPU.ActiveCfg = Release|Any CPU
		{C1E2E7D4-D8FD-4245-B845-23371C05353C}.Release|Any CPU.Build.0 = Release|Any CPU
		{C1E2E7D4-D8FD-4245-B845-23371C05353C}.Release|Any CPU.Deploy.0 = Release|Any CPU
		{C1E2E7D4-D8FD-4245-B845-23371C05353C}.Release|ARM.ActiveCfg = Release|ARM
		{C1E2E7D4-D8FD-4245-B845-23371C05353C}.Release|ARM.Build.0 = Release|ARM
		{C1E2E7D4-D8FD-4245-B845-23371C05353C}.Release|ARM.Deploy.0 = Release|ARM
		{C1E2E7D4-D8FD-4245-B845-23371C05353C}.Release|iPhone.ActiveCfg = Release|Any CPU
		{C1E2E7D4-D8FD-4245-B845-23371C05353C}.Release|iPhone.Build.0 = Release|Any CPU
		{C1E2E7D4-D8FD-4245-B845-23371C05353C}.Release|iPhone.Deploy.0 = Release|Any CPU
		{C1E2E7D4-D8FD-4245-B845-23371C05353C}.Release|iPhoneSimulator.ActiveCfg = Release|Any CPU
		{C1E2E7D4-D8FD-4245-B845-23371C05353C}.Release|iPhoneSimulator.Build.0 = Release|Any CPU
		{C1E2E7D4-D8FD-4245-B845-23371C05353C}.Release|iPhoneSimulator.Deploy.0 = Release|Any CPU
		{C1E2E7D4-D8FD-4245-B845-23371C05353C}.Release|x64.ActiveCfg = Release|x64
		{C1E2E7D4-D8FD-4245-B845-23371C05353C}.Release|x64.Build.0 = Release|x64
		{C1E2E7D4-D8FD-4245-B845-23371C05353C}.Release|x64.Deploy.0 = Release|x64
		{C1E2E7D4-D8FD-4245-B845-23371C05353C}.Release|x86.ActiveCfg = Release|x86
		{C1E2E7D4-D8FD-4245-B845-23371C05353C}.Release|x86.Build.0 = Release|x86
		{C1E2E7D4-D8FD-4245-B845-23371C05353C}.Release|x86.Deploy.0 = Release|x86
	EndGlobalSection
	GlobalSection(SolutionProperties) = preSolution
		HideSolutionNode = FALSE
	EndGlobalSection
EndGlobal
